// !$*UTF8*$!
{
	archiveVersion = 1;
	classes = {
	};
	objectVersion = 77;
	objects = {

/* Begin PBXBuildFile section */
		0906FC3BC9871AC919791E0A /* StoreBootstrap.swift in Sources */ = {isa = PBXBuildFile; fileRef = CD49D5F9815047EB5F08F5AC /* StoreBootstrap.swift */; };
		106841D096D2E1D941600CA7 /* ACPClient.swift in Sources */ = {isa = PBXBuildFile; fileRef = 331C22BD704CC9068FF0B5DB /* ACPClient.swift */; };
		114C51B58971B10D4262EF10 /* ACPModel in Frameworks */ = {isa = PBXBuildFile; productRef = 375D09A7C304642ADEF83B06 /* ACPModel */; };
		1678A6A5ECA9748C94F17658 /* SearchService.swift in Sources */ = {isa = PBXBuildFile; fileRef = 63680B00142352C2BFC30231 /* SearchService.swift */; };
		18F9A67A071EF02F210A8EBA /* ClaudeACPAgent.swift in Sources */ = {isa = PBXBuildFile; fileRef = A4E1371DE93F7E8D605B0EAF /* ClaudeACPAgent.swift */; };
		18FBC19F28D47AE71E693027 /* ACP in Frameworks */ = {isa = PBXBuildFile; productRef = 7246E0CF510D0BF656F782B9 /* ACP */; };
		1AE11103D9424CD803222B14 /* DiffReviewPanel.swift in Sources */ = {isa = PBXBuildFile; fileRef = 2FE4B9C7F7735DE1660539DD /* DiffReviewPanel.swift */; };
		1C73583C786AD2205E17EDCE /* ACPLogger.swift in Sources */ = {isa = PBXBuildFile; fileRef = D2CE1F7B894DDA18D70FBA84 /* ACPLogger.swift */; };
		1D031EC54B52CF4C326EE71B /* ComposePanel.swift in Sources */ = {isa = PBXBuildFile; fileRef = 2CE6F0B0720106D69C62750B /* ComposePanel.swift */; };
		2092BCDDBDEB69FEA36272D6 /* ContentView.swift in Sources */ = {isa = PBXBuildFile; fileRef = A342869C5D3D62B0196CF1FE /* ContentView.swift */; };
		22F8BF587FF7BA1B82DEE395 /* cmark in Frameworks */ = {isa = PBXBuildFile; productRef = 5CD2C5CB89060A741CFF98ED /* cmark */; };
		2D24C932C0D91F0C32AC1AE5 /* FileWatcher.swift in Sources */ = {isa = PBXBuildFile; fileRef = 2A3AAD176660AD7F814DB4B3 /* FileWatcher.swift */; };
		30DF8B8258740B7FFD4C4207 /* MDCParser.swift in Sources */ = {isa = PBXBuildFile; fileRef = 9A30FB7129468FD1CC257F0E /* MDCParser.swift */; };
		33C7D10DBF737BDD8A7F04AD /* Skill.swift in Sources */ = {isa = PBXBuildFile; fileRef = 11BE3B8622781CB567506473 /* Skill.swift */; };
		37E8DDCDFF5A75D1940659E3 /* TemplateManager.swift in Sources */ = {isa = PBXBuildFile; fileRef = 315100255A0C1BDB1CC1C1B3 /* TemplateManager.swift */; };
		3A40640C5FD5BBF84915E109 /* ACPRegistry in Frameworks */ = {isa = PBXBuildFile; productRef = F6EFE36C8544DD39E6E0E45A /* ACPRegistry */; };
		436B44C6F2B2FED11AB3C92E /* ToolBadge.swift in Sources */ = {isa = PBXBuildFile; fileRef = 97E9EF43F5DAA6F89193A11F /* ToolBadge.swift */; };
		4658375E3EC7C614670C2EE0 /* RegistrySheet.swift in Sources */ = {isa = PBXBuildFile; fileRef = F929481026040DDC901923AE /* RegistrySheet.swift */; };
		5B67FFEDB566F88DE25411A5 /* AgentTarget.swift in Sources */ = {isa = PBXBuildFile; fileRef = 9F2E88BF368CDA41613E5C46 /* AgentTarget.swift */; };
		5E2597D17E22264106D7A674 /* MarkdownMessageView.swift in Sources */ = {isa = PBXBuildFile; fileRef = BEF484DD20E4FBCCC3D8C963 /* MarkdownMessageView.swift */; };
		5F47CA5436CB143919F0A891 /* ThinkingView.swift in Sources */ = {isa = PBXBuildFile; fileRef = 6E1168A0DBFF2C8E3357BB93 /* ThinkingView.swift */; };
		5F7495395E9600CDE98CCA12 /* Sparkle in Frameworks */ = {isa = PBXBuildFile; productRef = 76E0D5419F036C5576A7FD51 /* Sparkle */; };
		64F5DC3EAA6ECA882C764CAF /* RemoteServersSettingsView.swift in Sources */ = {isa = PBXBuildFile; fileRef = F398EEDAC369673541F4E7B9 /* RemoteServersSettingsView.swift */; };
		6A72DC9042926CDE32129F93 /* AppLogger.swift in Sources */ = {isa = PBXBuildFile; fileRef = 28C8671B8C0620CB8BD396CC /* AppLogger.swift */; };
		6C38927ECCEBD1C38D5CDD06 /* Highlightr in Frameworks */ = {isa = PBXBuildFile; productRef = 9BDD49A13DF08F75D3FF9040 /* Highlightr */; };
		7779426407E86CE174CC28A3 /* ToolFilterView.swift in Sources */ = {isa = PBXBuildFile; fileRef = B50C10D3101A13B9E2F03033 /* ToolFilterView.swift */; };
		7D167BDF4F0666BD9F512A47 /* AppState.swift in Sources */ = {isa = PBXBuildFile; fileRef = 222B2B6B76702476051439F8 /* AppState.swift */; };
		7DB173FF5EAD2A4B5004ACA5 /* SchemaVersions.swift in Sources */ = {isa = PBXBuildFile; fileRef = 6C2FBCA38E297B2198F6D025 /* SchemaVersions.swift */; };
		83DF458224D0800BB292306E /* SkillEditorView.swift in Sources */ = {isa = PBXBuildFile; fileRef = 86CEB3634E8884AD8E6C7F47 /* SkillEditorView.swift */; };
		891C687010550083BD4DB894 /* FastTalkTextView.swift in Sources */ = {isa = PBXBuildFile; fileRef = F08538C45998CCDA1B2DF82C /* FastTalkTextView.swift */; };
		8AB22EFE0732138EB4B93ED2 /* Collection.swift in Sources */ = {isa = PBXBuildFile; fileRef = B8F4C816B8C48B343F65D42F /* Collection.swift */; };
		8C41988B224C3BA8F3CBE857 /* ACPSettingsView.swift in Sources */ = {isa = PBXBuildFile; fileRef = 8014FCBBD1E7E3D918BCF648 /* ACPSettingsView.swift */; };
		8FAFF14142449EB2B7E248C2 /* MarkdownRenderer.swift in Sources */ = {isa = PBXBuildFile; fileRef = 00806F5E5524C3D1EAE746F4 /* MarkdownRenderer.swift */; };
		9084FC0F3408F269A6B9284F /* ToolSource.swift in Sources */ = {isa = PBXBuildFile; fileRef = 29D50DF10BCA36CE8E89DA78 /* ToolSource.swift */; };
		936AE45A2B54ACDC026DE532 /* LibrarySettingsView.swift in Sources */ = {isa = PBXBuildFile; fileRef = C51D4F7F5938D961F06A0223 /* LibrarySettingsView.swift */; };
		98FC80074A70DED5D83DF7A8 /* ComposeModel.swift in Sources */ = {isa = PBXBuildFile; fileRef = 9D54CEBA935C05E7B2547205 /* ComposeModel.swift */; };
		9955AF5EF5FD42823346D3B8 /* SidebarView.swift in Sources */ = {isa = PBXBuildFile; fileRef = 8005AE0662C8A262F274E580 /* SidebarView.swift */; };
		A0AF94552FD0A3E5EA332A83 /* SkillPreviewView.swift in Sources */ = {isa = PBXBuildFile; fileRef = C7EAA6879BB0EC0E22582933 /* SkillPreviewView.swift */; };
		A1A95C11DBF5BE7996B0A3D5 /* SettingsView.swift in Sources */ = {isa = PBXBuildFile; fileRef = 5AE3CFB32FA1CC3A6F1E3B45 /* SettingsView.swift */; };
		A2E217CA5AD83E324C7563AD /* SkillParser.swift in Sources */ = {isa = PBXBuildFile; fileRef = 55461267CD1AB0E6DEA0FE8F /* SkillParser.swift */; };
		AC4DCAEA9F1F48EAF9DC8B0A /* SkillScanner.swift in Sources */ = {isa = PBXBuildFile; fileRef = 7704D1B43B563CFCB9CC525F /* SkillScanner.swift */; };
		B0A806D334B0988667A02555 /* FastTalkSettings.swift in Sources */ = {isa = PBXBuildFile; fileRef = CD1DCD94BF35422FE1664667 /* FastTalkSettings.swift */; };
		B14D8C2201A671CA5A4860A7 /* CursorACPAgent.swift in Sources */ = {isa = PBXBuildFile; fileRef = E533E0EB1B2B05225714B95B /* CursorACPAgent.swift */; };
		BF619A68B7DB905A122FB981 /* ACPConfiguration.swift in Sources */ = {isa = PBXBuildFile; fileRef = AFCE3D0D098A66843418F40E /* ACPConfiguration.swift */; };
		BFD1E4D2334D9D51ADE21709 /* ACPAgentFactory.swift in Sources */ = {isa = PBXBuildFile; fileRef = 6AD42D885D666121044766AD /* ACPAgentFactory.swift */; };
		C41C608F6EE4A25A87678794 /* SkillMetadataBar.swift in Sources */ = {isa = PBXBuildFile; fileRef = 373EE34F6EADBA7C50C73810 /* SkillMetadataBar.swift */; };
		C5E930A4E5BBB4F41CA11506 /* SSHService.swift in Sources */ = {isa = PBXBuildFile; fileRef = 66AB1F4CAD5C2EC07C5F8C97 /* SSHService.swift */; };
		CA9C0DD2B76466B976D30012 /* FrontmatterParser.swift in Sources */ = {isa = PBXBuildFile; fileRef = 3B98FC0D4288A0F986470596 /* FrontmatterParser.swift */; };
		D539D8AC56FD91F9B614F823 /* RemoteServer.swift in Sources */ = {isa = PBXBuildFile; fileRef = 175E97A008721FC961AFE033 /* RemoteServer.swift */; };
		D8638EEC00E0AF994DBE7827 /* SkillDetailView.swift in Sources */ = {isa = PBXBuildFile; fileRef = C3D5F3EAF6856D6C3781DA71 /* SkillDetailView.swift */; };
		DB436E9F0681652FD1F80342 /* FastTalkApp.swift in Sources */ = {isa = PBXBuildFile; fileRef = 7213B9F5ABFB7B884D8A640E /* FastTalkApp.swift */; };
		DFD5017D1DFED28ED120FD7B /* ACPLogViewer.swift in Sources */ = {isa = PBXBuildFile; fileRef = 5D0341BC20DB530D427C6A1D /* ACPLogViewer.swift */; };
		E07575A722AB903FDA543B95 /* NewSkillSheet.swift in Sources */ = {isa = PBXBuildFile; fileRef = 4E0045B1965E72432F9F987F /* NewSkillSheet.swift */; };
		EA2C903B4C3FE0BED446CFDE /* EditorTheme.swift in Sources */ = {isa = PBXBuildFile; fileRef = 1D086F9EE5A7DBC62873A6C6 /* EditorTheme.swift */; };
		EDE66684780C8AB86D95D152 /* DiagnosticExporter.swift in Sources */ = {isa = PBXBuildFile; fileRef = B5F6E89000025D27CE921DB3 /* DiagnosticExporter.swift */; };
		F3F53A02BCABB64BD7B58658 /* Assets.xcassets in Resources */ = {isa = PBXBuildFile; fileRef = 1C07E683334F0D7865699DB7 /* Assets.xcassets */; };
		F6A546E1B2BA20CA3983157E /* WizardTemplate.swift in Sources */ = {isa = PBXBuildFile; fileRef = 37D0C97426B50C0B2CAA3B66 /* WizardTemplate.swift */; };
		FAF1FE760AF0C74D89148E43 /* CollectionListView.swift in Sources */ = {isa = PBXBuildFile; fileRef = 1096DE200406326EFF19C4D0 /* CollectionListView.swift */; };
		FC6CB1D5BE1A3ADE85F1B332 /* MarkdownSyntaxHighlighter.swift in Sources */ = {isa = PBXBuildFile; fileRef = FC8363FF7E9EE3E0237F4A89 /* MarkdownSyntaxHighlighter.swift */; };
		FDC40C15DC0C4CB6E7D20E3D /* SkillListView.swift in Sources */ = {isa = PBXBuildFile; fileRef = E245050BB4E68F899E7B5DA3 /* SkillListView.swift */; };
		FE118A72563B7C1747DB106C /* SkillRegistry.swift in Sources */ = {isa = PBXBuildFile; fileRef = 0B83463223BAEA222C4F2B5D /* SkillRegistry.swift */; };
/* End PBXBuildFile section */

/* Begin PBXFileReference section */
		00806F5E5524C3D1EAE746F4 /* MarkdownRenderer.swift */ = {isa = PBXFileReference; lastKnownFileType = sourcecode.swift; path = MarkdownRenderer.swift; sourceTree = "<group>"; };
		0B83463223BAEA222C4F2B5D /* SkillRegistry.swift */ = {isa = PBXFileReference; lastKnownFileType = sourcecode.swift; path = SkillRegistry.swift; sourceTree = "<group>"; };
		1096DE200406326EFF19C4D0 /* CollectionListView.swift */ = {isa = PBXFileReference; lastKnownFileType = sourcecode.swift; path = CollectionListView.swift; sourceTree = "<group>"; };
		11BE3B8622781CB567506473 /* Skill.swift */ = {isa = PBXFileReference; lastKnownFileType = sourcecode.swift; path = Skill.swift; sourceTree = "<group>"; };
		175E97A008721FC961AFE033 /* RemoteServer.swift */ = {isa = PBXFileReference; lastKnownFileType = sourcecode.swift; path = RemoteServer.swift; sourceTree = "<group>"; };
		1C07E683334F0D7865699DB7 /* Assets.xcassets */ = {isa = PBXFileReference; lastKnownFileType = folder.assetcatalog; path = Assets.xcassets; sourceTree = "<group>"; };
		1D086F9EE5A7DBC62873A6C6 /* EditorTheme.swift */ = {isa = PBXFileReference; lastKnownFileType = sourcecode.swift; path = EditorTheme.swift; sourceTree = "<group>"; };
		222B2B6B76702476051439F8 /* AppState.swift */ = {isa = PBXFileReference; lastKnownFileType = sourcecode.swift; path = AppState.swift; sourceTree = "<group>"; };
		22656F78AC494258FC0F2C64 /* FastTalk.app */ = {isa = PBXFileReference; explicitFileType = wrapper.application; includeInIndex = 0; path = FastTalk.app; sourceTree = BUILT_PRODUCTS_DIR; };
		28C8671B8C0620CB8BD396CC /* AppLogger.swift */ = {isa = PBXFileReference; lastKnownFileType = sourcecode.swift; path = AppLogger.swift; sourceTree = "<group>"; };
		29D50DF10BCA36CE8E89DA78 /* ToolSource.swift */ = {isa = PBXFileReference; lastKnownFileType = sourcecode.swift; path = ToolSource.swift; sourceTree = "<group>"; };
		2A3AAD176660AD7F814DB4B3 /* FileWatcher.swift */ = {isa = PBXFileReference; lastKnownFileType = sourcecode.swift; path = FileWatcher.swift; sourceTree = "<group>"; };
		2CE6F0B0720106D69C62750B /* ComposePanel.swift */ = {isa = PBXFileReference; lastKnownFileType = sourcecode.swift; path = ComposePanel.swift; sourceTree = "<group>"; };
		2FE4B9C7F7735DE1660539DD /* DiffReviewPanel.swift */ = {isa = PBXFileReference; lastKnownFileType = sourcecode.swift; path = DiffReviewPanel.swift; sourceTree = "<group>"; };
		315100255A0C1BDB1CC1C1B3 /* TemplateManager.swift */ = {isa = PBXFileReference; lastKnownFileType = sourcecode.swift; path = TemplateManager.swift; sourceTree = "<group>"; };
		331C22BD704CC9068FF0B5DB /* ACPClient.swift */ = {isa = PBXFileReference; lastKnownFileType = sourcecode.swift; path = ACPClient.swift; sourceTree = "<group>"; };
		373EE34F6EADBA7C50C73810 /* SkillMetadataBar.swift */ = {isa = PBXFileReference; lastKnownFileType = sourcecode.swift; path = SkillMetadataBar.swift; sourceTree = "<group>"; };
		37D0C97426B50C0B2CAA3B66 /* WizardTemplate.swift */ = {isa = PBXFileReference; lastKnownFileType = sourcecode.swift; path = WizardTemplate.swift; sourceTree = "<group>"; };
		3B98FC0D4288A0F986470596 /* FrontmatterParser.swift */ = {isa = PBXFileReference; lastKnownFileType = sourcecode.swift; path = FrontmatterParser.swift; sourceTree = "<group>"; };
		4E0045B1965E72432F9F987F /* NewSkillSheet.swift */ = {isa = PBXFileReference; lastKnownFileType = sourcecode.swift; path = NewSkillSheet.swift; sourceTree = "<group>"; };
		55461267CD1AB0E6DEA0FE8F /* SkillParser.swift */ = {isa = PBXFileReference; lastKnownFileType = sourcecode.swift; path = SkillParser.swift; sourceTree = "<group>"; };
		5AE3CFB32FA1CC3A6F1E3B45 /* SettingsView.swift */ = {isa = PBXFileReference; lastKnownFileType = sourcecode.swift; path = SettingsView.swift; sourceTree = "<group>"; };
		5D0341BC20DB530D427C6A1D /* ACPLogViewer.swift */ = {isa = PBXFileReference; lastKnownFileType = sourcecode.swift; path = ACPLogViewer.swift; sourceTree = "<group>"; };
		63680B00142352C2BFC30231 /* SearchService.swift */ = {isa = PBXFileReference; lastKnownFileType = sourcecode.swift; path = SearchService.swift; sourceTree = "<group>"; };
		66AB1F4CAD5C2EC07C5F8C97 /* SSHService.swift */ = {isa = PBXFileReference; lastKnownFileType = sourcecode.swift; path = SSHService.swift; sourceTree = "<group>"; };
		6AD42D885D666121044766AD /* ACPAgentFactory.swift */ = {isa = PBXFileReference; lastKnownFileType = sourcecode.swift; path = ACPAgentFactory.swift; sourceTree = "<group>"; };
		6C2FBCA38E297B2198F6D025 /* SchemaVersions.swift */ = {isa = PBXFileReference; lastKnownFileType = sourcecode.swift; path = SchemaVersions.swift; sourceTree = "<group>"; };
		6E1168A0DBFF2C8E3357BB93 /* ThinkingView.swift */ = {isa = PBXFileReference; lastKnownFileType = sourcecode.swift; path = ThinkingView.swift; sourceTree = "<group>"; };
		7213B9F5ABFB7B884D8A640E /* FastTalkApp.swift */ = {isa = PBXFileReference; lastKnownFileType = sourcecode.swift; path = FastTalkApp.swift; sourceTree = "<group>"; };
		7704D1B43B563CFCB9CC525F /* SkillScanner.swift */ = {isa = PBXFileReference; lastKnownFileType = sourcecode.swift; path = SkillScanner.swift; sourceTree = "<group>"; };
		8005AE0662C8A262F274E580 /* SidebarView.swift */ = {isa = PBXFileReference; lastKnownFileType = sourcecode.swift; path = SidebarView.swift; sourceTree = "<group>"; };
		8014FCBBD1E7E3D918BCF648 /* ACPSettingsView.swift */ = {isa = PBXFileReference; lastKnownFileType = sourcecode.swift; path = ACPSettingsView.swift; sourceTree = "<group>"; };
		86CEB3634E8884AD8E6C7F47 /* SkillEditorView.swift */ = {isa = PBXFileReference; lastKnownFileType = sourcecode.swift; path = SkillEditorView.swift; sourceTree = "<group>"; };
		97E9EF43F5DAA6F89193A11F /* ToolBadge.swift */ = {isa = PBXFileReference; lastKnownFileType = sourcecode.swift; path = ToolBadge.swift; sourceTree = "<group>"; };
		9A30FB7129468FD1CC257F0E /* MDCParser.swift */ = {isa = PBXFileReference; lastKnownFileType = sourcecode.swift; path = MDCParser.swift; sourceTree = "<group>"; };
		9D54CEBA935C05E7B2547205 /* ComposeModel.swift */ = {isa = PBXFileReference; lastKnownFileType = sourcecode.swift; path = ComposeModel.swift; sourceTree = "<group>"; };
		9F2E88BF368CDA41613E5C46 /* AgentTarget.swift */ = {isa = PBXFileReference; lastKnownFileType = sourcecode.swift; path = AgentTarget.swift; sourceTree = "<group>"; };
		A342869C5D3D62B0196CF1FE /* ContentView.swift */ = {isa = PBXFileReference; lastKnownFileType = sourcecode.swift; path = ContentView.swift; sourceTree = "<group>"; };
		A4E1371DE93F7E8D605B0EAF /* ClaudeACPAgent.swift */ = {isa = PBXFileReference; lastKnownFileType = sourcecode.swift; path = ClaudeACPAgent.swift; sourceTree = "<group>"; };
		AFCE3D0D098A66843418F40E /* ACPConfiguration.swift */ = {isa = PBXFileReference; lastKnownFileType = sourcecode.swift; path = ACPConfiguration.swift; sourceTree = "<group>"; };
		B50C10D3101A13B9E2F03033 /* ToolFilterView.swift */ = {isa = PBXFileReference; lastKnownFileType = sourcecode.swift; path = ToolFilterView.swift; sourceTree = "<group>"; };
		B5F6E89000025D27CE921DB3 /* DiagnosticExporter.swift */ = {isa = PBXFileReference; lastKnownFileType = sourcecode.swift; path = DiagnosticExporter.swift; sourceTree = "<group>"; };
		B8F4C816B8C48B343F65D42F /* Collection.swift */ = {isa = PBXFileReference; lastKnownFileType = sourcecode.swift; path = Collection.swift; sourceTree = "<group>"; };
		BEF484DD20E4FBCCC3D8C963 /* MarkdownMessageView.swift */ = {isa = PBXFileReference; lastKnownFileType = sourcecode.swift; path = MarkdownMessageView.swift; sourceTree = "<group>"; };
		C3D5F3EAF6856D6C3781DA71 /* SkillDetailView.swift */ = {isa = PBXFileReference; lastKnownFileType = sourcecode.swift; path = SkillDetailView.swift; sourceTree = "<group>"; };
		C51D4F7F5938D961F06A0223 /* LibrarySettingsView.swift */ = {isa = PBXFileReference; lastKnownFileType = sourcecode.swift; path = LibrarySettingsView.swift; sourceTree = "<group>"; };
		C7EAA6879BB0EC0E22582933 /* SkillPreviewView.swift */ = {isa = PBXFileReference; lastKnownFileType = sourcecode.swift; path = SkillPreviewView.swift; sourceTree = "<group>"; };
		CD1DCD94BF35422FE1664667 /* FastTalkSettings.swift */ = {isa = PBXFileReference; lastKnownFileType = sourcecode.swift; path = FastTalkSettings.swift; sourceTree = "<group>"; };
		CD49D5F9815047EB5F08F5AC /* StoreBootstrap.swift */ = {isa = PBXFileReference; lastKnownFileType = sourcecode.swift; path = StoreBootstrap.swift; sourceTree = "<group>"; };
		D2CE1F7B894DDA18D70FBA84 /* ACPLogger.swift */ = {isa = PBXFileReference; lastKnownFileType = sourcecode.swift; path = ACPLogger.swift; sourceTree = "<group>"; };
		E245050BB4E68F899E7B5DA3 /* SkillListView.swift */ = {isa = PBXFileReference; lastKnownFileType = sourcecode.swift; path = SkillListView.swift; sourceTree = "<group>"; };
		E533E0EB1B2B05225714B95B /* CursorACPAgent.swift */ = {isa = PBXFileReference; lastKnownFileType = sourcecode.swift; path = CursorACPAgent.swift; sourceTree = "<group>"; };
		F08538C45998CCDA1B2DF82C /* FastTalkTextView.swift */ = {isa = PBXFileReference; lastKnownFileType = sourcecode.swift; path = FastTalkTextView.swift; sourceTree = "<group>"; };
		F398EEDAC369673541F4E7B9 /* RemoteServersSettingsView.swift */ = {isa = PBXFileReference; lastKnownFileType = sourcecode.swift; path = RemoteServersSettingsView.swift; sourceTree = "<group>"; };
		F929481026040DDC901923AE /* RegistrySheet.swift */ = {isa = PBXFileReference; lastKnownFileType = sourcecode.swift; path = RegistrySheet.swift; sourceTree = "<group>"; };
		FC8363FF7E9EE3E0237F4A89 /* MarkdownSyntaxHighlighter.swift */ = {isa = PBXFileReference; lastKnownFileType = sourcecode.swift; path = MarkdownSyntaxHighlighter.swift; sourceTree = "<group>"; };
/* End PBXFileReference section */

/* Begin PBXFrameworksBuildPhase section */
		EE37CB3AD80483E2FF727554 /* Frameworks */ = {
			isa = PBXFrameworksBuildPhase;
			buildActionMask = 2147483647;
			files = (
				5F7495395E9600CDE98CCA12 /* Sparkle in Frameworks */,
				6C38927ECCEBD1C38D5CDD06 /* Highlightr in Frameworks */,
				22F8BF587FF7BA1B82DEE395 /* cmark in Frameworks */,
				18FBC19F28D47AE71E693027 /* ACP in Frameworks */,
				114C51B58971B10D4262EF10 /* ACPModel in Frameworks */,
				3A40640C5FD5BBF84915E109 /* ACPRegistry in Frameworks */,
			);
			runOnlyForDeploymentPostprocessing = 0;
		};
/* End PBXFrameworksBuildPhase section */

/* Begin PBXGroup section */
		01F2ABA10A3000D63C0B570C /* App */ = {
			isa = PBXGroup;
			children = (
				222B2B6B76702476051439F8 /* AppState.swift */,
				A342869C5D3D62B0196CF1FE /* ContentView.swift */,
				7213B9F5ABFB7B884D8A640E /* FastTalkApp.swift */,
			);
			path = App;
			sourceTree = "<group>";
		};
		04E0B97EC0E363A6E9CDA858 /* Resources */ = {
			isa = PBXGroup;
			children = (
				1C07E683334F0D7865699DB7 /* Assets.xcassets */,
			);
			path = Resources;
			sourceTree = "<group>";
		};
		2AA629D94C9CEEDF565B2E78 /* Views */ = {
			isa = PBXGroup;
			children = (
				B4DA7335FBA15A890A74CA5E /* Detail */,
				548968AE14B48D92EB666174 /* Settings */,
				6CB8A6BFAB304A9AA2185FF3 /* Shared */,
				BE64E91090F87FCEEB98BF94 /* Sidebar */,
			);
			path = Views;
			sourceTree = "<group>";
		};
		32850354EF3F6DAC526B2237 /* Services */ = {
			isa = PBXGroup;
			children = (
				28C8671B8C0620CB8BD396CC /* AppLogger.swift */,
				2A3AAD176660AD7F814DB4B3 /* FileWatcher.swift */,
				63680B00142352C2BFC30231 /* SearchService.swift */,
				55461267CD1AB0E6DEA0FE8F /* SkillParser.swift */,
				0B83463223BAEA222C4F2B5D /* SkillRegistry.swift */,
				7704D1B43B563CFCB9CC525F /* SkillScanner.swift */,
				66AB1F4CAD5C2EC07C5F8C97 /* SSHService.swift */,
				CD49D5F9815047EB5F08F5AC /* StoreBootstrap.swift */,
				315100255A0C1BDB1CC1C1B3 /* TemplateManager.swift */,
				767CF7C631C5F98529AE8483 /* ACP */,
			);
			path = Services;
			sourceTree = "<group>";
		};
		507EB06BF319BECE9ABA9860 /* Utilities */ = {
			isa = PBXGroup;
			children = (
				3B98FC0D4288A0F986470596 /* FrontmatterParser.swift */,
				00806F5E5524C3D1EAE746F4 /* MarkdownRenderer.swift */,
				9A30FB7129468FD1CC257F0E /* MDCParser.swift */,
			);
			path = Utilities;
			sourceTree = "<group>";
		};
		548968AE14B48D92EB666174 /* Settings */ = {
			isa = PBXGroup;
			children = (
				8014FCBBD1E7E3D918BCF648 /* ACPSettingsView.swift */,
				B5F6E89000025D27CE921DB3 /* DiagnosticExporter.swift */,
				C51D4F7F5938D961F06A0223 /* LibrarySettingsView.swift */,
				F398EEDAC369673541F4E7B9 /* RemoteServersSettingsView.swift */,
				5AE3CFB32FA1CC3A6F1E3B45 /* SettingsView.swift */,
			);
			path = Settings;
			sourceTree = "<group>";
		};
		56FC5F5C6CA92A7D3EF62F10 /* Agents */ = {
			isa = PBXGroup;
			children = (
				A4E1371DE93F7E8D605B0EAF /* ClaudeACPAgent.swift */,
				E533E0EB1B2B05225714B95B /* CursorACPAgent.swift */,
			);
			path = Agents;
			sourceTree = "<group>";
		};
		69915F007AD780F9D121C153 /* Products */ = {
			isa = PBXGroup;
			children = (
				22656F78AC494258FC0F2C64 /* FastTalk.app */,
			);
			name = Products;
			sourceTree = "<group>";
		};
		6CB8A6BFAB304A9AA2185FF3 /* Shared */ = {
			isa = PBXGroup;
			children = (
				5D0341BC20DB530D427C6A1D /* ACPLogViewer.swift */,
				9D54CEBA935C05E7B2547205 /* ComposeModel.swift */,
				2CE6F0B0720106D69C62750B /* ComposePanel.swift */,
				2FE4B9C7F7735DE1660539DD /* DiffReviewPanel.swift */,
				BEF484DD20E4FBCCC3D8C963 /* MarkdownMessageView.swift */,
				4E0045B1965E72432F9F987F /* NewSkillSheet.swift */,
				F929481026040DDC901923AE /* RegistrySheet.swift */,
				6E1168A0DBFF2C8E3357BB93 /* ThinkingView.swift */,
				97E9EF43F5DAA6F89193A11F /* ToolBadge.swift */,
			);
			path = Shared;
			sourceTree = "<group>";
		};
		6CEDBE0806EC4E3F0F3C36AC /* FastTalk */ = {
			isa = PBXGroup;
			children = (
				01F2ABA10A3000D63C0B570C /* App */,
				7F4B88628E5B363818CB3CE2 /* Models */,
				04E0B97EC0E363A6E9CDA858 /* Resources */,
				32850354EF3F6DAC526B2237 /* Services */,
				507EB06BF319BECE9ABA9860 /* Utilities */,
				2AA629D94C9CEEDF565B2E78 /* Views */,
			);
			path = FastTalk;
			sourceTree = "<group>";
		};
		767CF7C631C5F98529AE8483 /* ACP */ = {
			isa = PBXGroup;
			children = (
				6AD42D885D666121044766AD /* ACPAgentFactory.swift */,
				331C22BD704CC9068FF0B5DB /* ACPClient.swift */,
				D2CE1F7B894DDA18D70FBA84 /* ACPLogger.swift */,
				56FC5F5C6CA92A7D3EF62F10 /* Agents */,
			);
			path = ACP;
			sourceTree = "<group>";
		};
		7F4B88628E5B363818CB3CE2 /* Models */ = {
			isa = PBXGroup;
			children = (
				AFCE3D0D098A66843418F40E /* ACPConfiguration.swift */,
				9F2E88BF368CDA41613E5C46 /* AgentTarget.swift */,
				B8F4C816B8C48B343F65D42F /* Collection.swift */,
				CD1DCD94BF35422FE1664667 /* FastTalkSettings.swift */,
				175E97A008721FC961AFE033 /* RemoteServer.swift */,
				6C2FBCA38E297B2198F6D025 /* SchemaVersions.swift */,
				11BE3B8622781CB567506473 /* Skill.swift */,
				29D50DF10BCA36CE8E89DA78 /* ToolSource.swift */,
				37D0C97426B50C0B2CAA3B66 /* WizardTemplate.swift */,
			);
			path = Models;
			sourceTree = "<group>";
		};
		AB4AA56C3383CBB5C14E9BE6 = {
			isa = PBXGroup;
			children = (
				6CEDBE0806EC4E3F0F3C36AC /* FastTalk */,
				69915F007AD780F9D121C153 /* Products */,
			);
			sourceTree = "<group>";
		};
		B4DA7335FBA15A890A74CA5E /* Detail */ = {
			isa = PBXGroup;
			children = (
				1D086F9EE5A7DBC62873A6C6 /* EditorTheme.swift */,
				F08538C45998CCDA1B2DF82C /* FastTalkTextView.swift */,
				FC8363FF7E9EE3E0237F4A89 /* MarkdownSyntaxHighlighter.swift */,
				C3D5F3EAF6856D6C3781DA71 /* SkillDetailView.swift */,
				86CEB3634E8884AD8E6C7F47 /* SkillEditorView.swift */,
				373EE34F6EADBA7C50C73810 /* SkillMetadataBar.swift */,
				C7EAA6879BB0EC0E22582933 /* SkillPreviewView.swift */,
			);
			path = Detail;
			sourceTree = "<group>";
		};
		BE64E91090F87FCEEB98BF94 /* Sidebar */ = {
			isa = PBXGroup;
			children = (
				1096DE200406326EFF19C4D0 /* CollectionListView.swift */,
				8005AE0662C8A262F274E580 /* SidebarView.swift */,
				E245050BB4E68F899E7B5DA3 /* SkillListView.swift */,
				B50C10D3101A13B9E2F03033 /* ToolFilterView.swift */,
			);
			path = Sidebar;
			sourceTree = "<group>";
		};
/* End PBXGroup section */

/* Begin PBXNativeTarget section */
		53683B2C7F5C8DDE0D64C3F2 /* FastTalk */ = {
			isa = PBXNativeTarget;
			buildConfigurationList = FCBE70F8075C10E3C98C2B11 /* Build configuration list for PBXNativeTarget "FastTalk" */;
			buildPhases = (
				62592540C5FE12511D1E77E1 /* Sources */,
				A202E6A487F9FE3DEFC98378 /* Resources */,
				EE37CB3AD80483E2FF727554 /* Frameworks */,
			);
			buildRules = (
			);
			dependencies = (
			);
			name = FastTalk;
			packageProductDependencies = (
				76E0D5419F036C5576A7FD51 /* Sparkle */,
				9BDD49A13DF08F75D3FF9040 /* Highlightr */,
				5CD2C5CB89060A741CFF98ED /* cmark */,
				7246E0CF510D0BF656F782B9 /* ACP */,
				375D09A7C304642ADEF83B06 /* ACPModel */,
				F6EFE36C8544DD39E6E0E45A /* ACPRegistry */,
			);
			productName = FastTalk;
			productReference = 22656F78AC494258FC0F2C64 /* FastTalk.app */;
			productType = "com.apple.product-type.application";
		};
/* End PBXNativeTarget section */

/* Begin PBXProject section */
		87B601FE50FDC7CAAE650B69 /* Project object */ = {
			isa = PBXProject;
			attributes = {
				BuildIndependentTargetsInParallel = YES;
				LastUpgradeCheck = 1430;
				TargetAttributes = {
				};
			};
			buildConfigurationList = 94766F64BCA88EA87F5FCB8C /* Build configuration list for PBXProject "FastTalk" */;
			developmentRegion = en;
			hasScannedForEncodings = 0;
			knownRegions = (
				Base,
				en,
			);
			mainGroup = AB4AA56C3383CBB5C14E9BE6;
			minimizedProjectReferenceProxies = 1;
			packageReferences = (
				7EF62DADB77A834A12F8181E /* XCRemoteSwiftPackageReference "swift-acp" */,
				6B7A67F0C7204C4B824C8476 /* XCRemoteSwiftPackageReference "Highlightr" */,
				CE4D5A1480A15B071DBA4295 /* XCRemoteSwiftPackageReference "Sparkle" */,
				4D63791FC2C2F9C8B9A41BB8 /* XCRemoteSwiftPackageReference "cmark-gfm" */,
			);
			preferredProjectObjectVersion = 77;
			productRefGroup = 69915F007AD780F9D121C153 /* Products */;
			projectDirPath = "";
			projectRoot = "";
			targets = (
				53683B2C7F5C8DDE0D64C3F2 /* FastTalk */,
			);
		};
/* End PBXProject section */

/* Begin PBXResourcesBuildPhase section */
		A202E6A487F9FE3DEFC98378 /* Resources */ = {
			isa = PBXResourcesBuildPhase;
			buildActionMask = 2147483647;
			files = (
				F3F53A02BCABB64BD7B58658 /* Assets.xcassets in Resources */,
			);
			runOnlyForDeploymentPostprocessing = 0;
		};
/* End PBXResourcesBuildPhase section */

/* Begin PBXSourcesBuildPhase section */
		62592540C5FE12511D1E77E1 /* Sources */ = {
			isa = PBXSourcesBuildPhase;
			buildActionMask = 2147483647;
			files = (
				BFD1E4D2334D9D51ADE21709 /* ACPAgentFactory.swift in Sources */,
				106841D096D2E1D941600CA7 /* ACPClient.swift in Sources */,
				BF619A68B7DB905A122FB981 /* ACPConfiguration.swift in Sources */,
				DFD5017D1DFED28ED120FD7B /* ACPLogViewer.swift in Sources */,
				1C73583C786AD2205E17EDCE /* ACPLogger.swift in Sources */,
				8C41988B224C3BA8F3CBE857 /* ACPSettingsView.swift in Sources */,
				5B67FFEDB566F88DE25411A5 /* AgentTarget.swift in Sources */,
				6A72DC9042926CDE32129F93 /* AppLogger.swift in Sources */,
				7D167BDF4F0666BD9F512A47 /* AppState.swift in Sources */,
				18F9A67A071EF02F210A8EBA /* ClaudeACPAgent.swift in Sources */,
				8AB22EFE0732138EB4B93ED2 /* Collection.swift in Sources */,
				FAF1FE760AF0C74D89148E43 /* CollectionListView.swift in Sources */,
				98FC80074A70DED5D83DF7A8 /* ComposeModel.swift in Sources */,
				1D031EC54B52CF4C326EE71B /* ComposePanel.swift in Sources */,
				2092BCDDBDEB69FEA36272D6 /* ContentView.swift in Sources */,
				B14D8C2201A671CA5A4860A7 /* CursorACPAgent.swift in Sources */,
				EDE66684780C8AB86D95D152 /* DiagnosticExporter.swift in Sources */,
				1AE11103D9424CD803222B14 /* DiffReviewPanel.swift in Sources */,
				EA2C903B4C3FE0BED446CFDE /* EditorTheme.swift in Sources */,
				DB436E9F0681652FD1F80342 /* FastTalkApp.swift in Sources */,
				B0A806D334B0988667A02555 /* FastTalkSettings.swift in Sources */,
				891C687010550083BD4DB894 /* FastTalkTextView.swift in Sources */,
				2D24C932C0D91F0C32AC1AE5 /* FileWatcher.swift in Sources */,
				CA9C0DD2B76466B976D30012 /* FrontmatterParser.swift in Sources */,
				936AE45A2B54ACDC026DE532 /* LibrarySettingsView.swift in Sources */,
				30DF8B8258740B7FFD4C4207 /* MDCParser.swift in Sources */,
				5E2597D17E22264106D7A674 /* MarkdownMessageView.swift in Sources */,
				8FAFF14142449EB2B7E248C2 /* MarkdownRenderer.swift in Sources */,
				FC6CB1D5BE1A3ADE85F1B332 /* MarkdownSyntaxHighlighter.swift in Sources */,
				E07575A722AB903FDA543B95 /* NewSkillSheet.swift in Sources */,
				4658375E3EC7C614670C2EE0 /* RegistrySheet.swift in Sources */,
				D539D8AC56FD91F9B614F823 /* RemoteServer.swift in Sources */,
				64F5DC3EAA6ECA882C764CAF /* RemoteServersSettingsView.swift in Sources */,
				C5E930A4E5BBB4F41CA11506 /* SSHService.swift in Sources */,
				7DB173FF5EAD2A4B5004ACA5 /* SchemaVersions.swift in Sources */,
				1678A6A5ECA9748C94F17658 /* SearchService.swift in Sources */,
				A1A95C11DBF5BE7996B0A3D5 /* SettingsView.swift in Sources */,
				9955AF5EF5FD42823346D3B8 /* SidebarView.swift in Sources */,
				33C7D10DBF737BDD8A7F04AD /* Skill.swift in Sources */,
				D8638EEC00E0AF994DBE7827 /* SkillDetailView.swift in Sources */,
				83DF458224D0800BB292306E /* SkillEditorView.swift in Sources */,
				FDC40C15DC0C4CB6E7D20E3D /* SkillListView.swift in Sources */,
				C41C608F6EE4A25A87678794 /* SkillMetadataBar.swift in Sources */,
				A2E217CA5AD83E324C7563AD /* SkillParser.swift in Sources */,
				A0AF94552FD0A3E5EA332A83 /* SkillPreviewView.swift in Sources */,
				FE118A72563B7C1747DB106C /* SkillRegistry.swift in Sources */,
				AC4DCAEA9F1F48EAF9DC8B0A /* SkillScanner.swift in Sources */,
				0906FC3BC9871AC919791E0A /* StoreBootstrap.swift in Sources */,
				37E8DDCDFF5A75D1940659E3 /* TemplateManager.swift in Sources */,
				5F47CA5436CB143919F0A891 /* ThinkingView.swift in Sources */,
				436B44C6F2B2FED11AB3C92E /* ToolBadge.swift in Sources */,
				7779426407E86CE174CC28A3 /* ToolFilterView.swift in Sources */,
				9084FC0F3408F269A6B9284F /* ToolSource.swift in Sources */,
				F6A546E1B2BA20CA3983157E /* WizardTemplate.swift in Sources */,
			);
			runOnlyForDeploymentPostprocessing = 0;
		};
/* End PBXSourcesBuildPhase section */

/* Begin XCBuildConfiguration section */
		01F8BC321CDDDC07E1484457 /* Release */ = {
			isa = XCBuildConfiguration;
			buildSettings = {
				ALWAYS_SEARCH_USER_PATHS = NO;
				CLANG_ANALYZER_NONNULL = YES;
				CLANG_ANALYZER_NUMBER_OBJECT_CONVERSION = YES_AGGRESSIVE;
				CLANG_CXX_LANGUAGE_STANDARD = "gnu++14";
				CLANG_CXX_LIBRARY = "libc++";
				CLANG_ENABLE_MODULES = YES;
				CLANG_ENABLE_OBJC_ARC = YES;
				CLANG_ENABLE_OBJC_WEAK = YES;
				CLANG_WARN_BLOCK_CAPTURE_AUTORELEASING = YES;
				CLANG_WARN_BOOL_CONVERSION = YES;
				CLANG_WARN_COMMA = YES;
				CLANG_WARN_CONSTANT_CONVERSION = YES;
				CLANG_WARN_DEPRECATED_OBJC_IMPLEMENTATIONS = YES;
				CLANG_WARN_DIRECT_OBJC_ISA_USAGE = YES_ERROR;
				CLANG_WARN_DOCUMENTATION_COMMENTS = YES;
				CLANG_WARN_EMPTY_BODY = YES;
				CLANG_WARN_ENUM_CONVERSION = YES;
				CLANG_WARN_INFINITE_RECURSION = YES;
				CLANG_WARN_INT_CONVERSION = YES;
				CLANG_WARN_NON_LITERAL_NULL_CONVERSION = YES;
				CLANG_WARN_OBJC_IMPLICIT_RETAIN_SELF = YES;
				CLANG_WARN_OBJC_LITERAL_CONVERSION = YES;
				CLANG_WARN_OBJC_ROOT_CLASS = YES_ERROR;
				CLANG_WARN_QUOTED_INCLUDE_IN_FRAMEWORK_HEADER = YES;
				CLANG_WARN_RANGE_LOOP_ANALYSIS = YES;
				CLANG_WARN_STRICT_PROTOTYPES = YES;
				CLANG_WARN_SUSPICIOUS_MOVE = YES;
				CLANG_WARN_UNGUARDED_AVAILABILITY = YES_AGGRESSIVE;
				CLANG_WARN_UNREACHABLE_CODE = YES;
				CLANG_WARN__DUPLICATE_METHOD_MATCH = YES;
				COPY_PHASE_STRIP = NO;
				DEBUG_INFORMATION_FORMAT = "dwarf-with-dsym";
				ENABLE_NS_ASSERTIONS = NO;
				ENABLE_STRICT_OBJC_MSGSEND = YES;
				GCC_C_LANGUAGE_STANDARD = gnu11;
				GCC_NO_COMMON_BLOCKS = YES;
				GCC_WARN_64_TO_32_BIT_CONVERSION = YES;
				GCC_WARN_ABOUT_RETURN_TYPE = YES_ERROR;
				GCC_WARN_UNDECLARED_SELECTOR = YES;
				GCC_WARN_UNINITIALIZED_AUTOS = YES_AGGRESSIVE;
				GCC_WARN_UNUSED_FUNCTION = YES;
				GCC_WARN_UNUSED_VARIABLE = YES;
				MACOSX_DEPLOYMENT_TARGET = 15.0;
				MTL_ENABLE_DEBUG_INFO = NO;
				MTL_FAST_MATH = YES;
				PRODUCT_NAME = "$(TARGET_NAME)";
				SDKROOT = macosx;
				SWIFT_COMPILATION_MODE = wholemodule;
				SWIFT_OPTIMIZATION_LEVEL = "-O";
				SWIFT_VERSION = 5.0;
			};
			name = Release;
		};
		04C65451F3C1A486137061A9 /* LocalRelease */ = {
			isa = XCBuildConfiguration;
			buildSettings = {
				ALWAYS_SEARCH_USER_PATHS = NO;
				CLANG_ANALYZER_NONNULL = YES;
				CLANG_ANALYZER_NUMBER_OBJECT_CONVERSION = YES_AGGRESSIVE;
				CLANG_CXX_LANGUAGE_STANDARD = "gnu++14";
				CLANG_CXX_LIBRARY = "libc++";
				CLANG_ENABLE_MODULES = YES;
				CLANG_ENABLE_OBJC_ARC = YES;
				CLANG_ENABLE_OBJC_WEAK = YES;
				CLANG_WARN_BLOCK_CAPTURE_AUTORELEASING = YES;
				CLANG_WARN_BOOL_CONVERSION = YES;
				CLANG_WARN_COMMA = YES;
				CLANG_WARN_CONSTANT_CONVERSION = YES;
				CLANG_WARN_DEPRECATED_OBJC_IMPLEMENTATIONS = YES;
				CLANG_WARN_DIRECT_OBJC_ISA_USAGE = YES_ERROR;
				CLANG_WARN_DOCUMENTATION_COMMENTS = YES;
				CLANG_WARN_EMPTY_BODY = YES;
				CLANG_WARN_ENUM_CONVERSION = YES;
				CLANG_WARN_INFINITE_RECURSION = YES;
				CLANG_WARN_INT_CONVERSION = YES;
				CLANG_WARN_NON_LITERAL_NULL_CONVERSION = YES;
				CLANG_WARN_OBJC_IMPLICIT_RETAIN_SELF = YES;
				CLANG_WARN_OBJC_LITERAL_CONVERSION = YES;
				CLANG_WARN_OBJC_ROOT_CLASS = YES_ERROR;
				CLANG_WARN_QUOTED_INCLUDE_IN_FRAMEWORK_HEADER = YES;
				CLANG_WARN_RANGE_LOOP_ANALYSIS = YES;
				CLANG_WARN_STRICT_PROTOTYPES = YES;
				CLANG_WARN_SUSPICIOUS_MOVE = YES;
				CLANG_WARN_UNGUARDED_AVAILABILITY = YES_AGGRESSIVE;
				CLANG_WARN_UNREACHABLE_CODE = YES;
				CLANG_WARN__DUPLICATE_METHOD_MATCH = YES;
				COPY_PHASE_STRIP = NO;
				DEBUG_INFORMATION_FORMAT = "dwarf-with-dsym";
				ENABLE_NS_ASSERTIONS = NO;
				ENABLE_STRICT_OBJC_MSGSEND = YES;
				GCC_C_LANGUAGE_STANDARD = gnu11;
				GCC_NO_COMMON_BLOCKS = YES;
				GCC_WARN_64_TO_32_BIT_CONVERSION = YES;
				GCC_WARN_ABOUT_RETURN_TYPE = YES_ERROR;
				GCC_WARN_UNDECLARED_SELECTOR = YES;
				GCC_WARN_UNINITIALIZED_AUTOS = YES_AGGRESSIVE;
				GCC_WARN_UNUSED_FUNCTION = YES;
				GCC_WARN_UNUSED_VARIABLE = YES;
				MACOSX_DEPLOYMENT_TARGET = 15.0;
				MTL_ENABLE_DEBUG_INFO = NO;
				MTL_FAST_MATH = YES;
				PRODUCT_NAME = "$(TARGET_NAME)";
				SDKROOT = macosx;
				SWIFT_COMPILATION_MODE = wholemodule;
				SWIFT_OPTIMIZATION_LEVEL = "-O";
				SWIFT_VERSION = 5.0;
			};
			name = LocalRelease;
		};
		2C3026D07E52AC8CB3EBF18F /* Release */ = {
			isa = XCBuildConfiguration;
			buildSettings = {
				ASSETCATALOG_COMPILER_APPICON_NAME = FastTalkAppIcon;
				CODE_SIGN_ENTITLEMENTS = FastTalk/FastTalk.entitlements;
				CODE_SIGN_IDENTITY = "Developer ID Application";
				COMBINE_HIDPI_IMAGES = YES;
				CURRENT_PROJECT_VERSION = 1;
				ENABLE_HARDENED_RUNTIME = YES;
				GENERATE_INFOPLIST_FILE = NO;
				INFOPLIST_FILE = FastTalk/Info.plist;
				LD_RUNPATH_SEARCH_PATHS = (
					"$(inherited)",
					"@executable_path/../Frameworks",
				);
				MACOSX_DEPLOYMENT_TARGET = 15.0;
				MARKETING_VERSION = 1.0.0;
				PRODUCT_BUNDLE_IDENTIFIER = com.fasttalk;
				SDKROOT = macosx;
				SWIFT_STRICT_CONCURRENCY = minimal;
			};
			name = Release;
		};
		6EBEF43483ED064850BFE82E /* Debug */ = {
			isa = XCBuildConfiguration;
			buildSettings = {
				ASSETCATALOG_COMPILER_APPICON_NAME = FastTalkAppIcon;
				CODE_SIGN_ENTITLEMENTS = FastTalk/FastTalk.entitlements;
				COMBINE_HIDPI_IMAGES = YES;
				CURRENT_PROJECT_VERSION = 1;
				ENABLE_HARDENED_RUNTIME = YES;
				GENERATE_INFOPLIST_FILE = NO;
				INFOPLIST_FILE = FastTalk/Info.plist;
				LD_RUNPATH_SEARCH_PATHS = (
					"$(inherited)",
					"@executable_path/../Frameworks",
				);
				MACOSX_DEPLOYMENT_TARGET = 15.0;
				MARKETING_VERSION = 1.0.0;
				PRODUCT_BUNDLE_IDENTIFIER = com.fasttalk;
				SDKROOT = macosx;
				SWIFT_STRICT_CONCURRENCY = minimal;
			};
			name = Debug;
		};
		BB45547BF954E255205082CD /* LocalRelease */ = {
			isa = XCBuildConfiguration;
			buildSettings = {
				ASSETCATALOG_COMPILER_APPICON_NAME = FastTalkAppIcon;
				CODE_SIGN_ENTITLEMENTS = FastTalk/FastTalkLocalRelease.entitlements;
				COMBINE_HIDPI_IMAGES = YES;
				CURRENT_PROJECT_VERSION = 1;
				ENABLE_HARDENED_RUNTIME = YES;
				GENERATE_INFOPLIST_FILE = NO;
				INFOPLIST_FILE = FastTalk/Info.plist;
				LD_RUNPATH_SEARCH_PATHS = (
					"$(inherited)",
					"@executable_path/../Frameworks",
				);
				MACOSX_DEPLOYMENT_TARGET = 15.0;
				MARKETING_VERSION = 1.0.0;
				PRODUCT_BUNDLE_IDENTIFIER = com.fasttalk;
				SDKROOT = macosx;
				SWIFT_STRICT_CONCURRENCY = minimal;
			};
			name = LocalRelease;
		};
		DD32F25CB734AF6FE7DAAF62 /* Debug */ = {
			isa = XCBuildConfiguration;
			buildSettings = {
				ALWAYS_SEARCH_USER_PATHS = NO;
				CLANG_ANALYZER_NONNULL = YES;
				CLANG_ANALYZER_NUMBER_OBJECT_CONVERSION = YES_AGGRESSIVE;
				CLANG_CXX_LANGUAGE_STANDARD = "gnu++14";
				CLANG_CXX_LIBRARY = "libc++";
				CLANG_ENABLE_MODULES = YES;
				CLANG_ENABLE_OBJC_ARC = YES;
				CLANG_ENABLE_OBJC_WEAK = YES;
				CLANG_WARN_BLOCK_CAPTURE_AUTORELEASING = YES;
				CLANG_WARN_BOOL_CONVERSION = YES;
				CLANG_WARN_COMMA = YES;
				CLANG_WARN_CONSTANT_CONVERSION = YES;
				CLANG_WARN_DEPRECATED_OBJC_IMPLEMENTATIONS = YES;
				CLANG_WARN_DIRECT_OBJC_ISA_USAGE = YES_ERROR;
				CLANG_WARN_DOCUMENTATION_COMMENTS = YES;
				CLANG_WARN_EMPTY_BODY = YES;
				CLANG_WARN_ENUM_CONVERSION = YES;
				CLANG_WARN_INFINITE_RECURSION = YES;
				CLANG_WARN_INT_CONVERSION = YES;
				CLANG_WARN_NON_LITERAL_NULL_CONVERSION = YES;
				CLANG_WARN_OBJC_IMPLICIT_RETAIN_SELF = YES;
				CLANG_WARN_OBJC_LITERAL_CONVERSION = YES;
				CLANG_WARN_OBJC_ROOT_CLASS = YES_ERROR;
				CLANG_WARN_QUOTED_INCLUDE_IN_FRAMEWORK_HEADER = YES;
				CLANG_WARN_RANGE_LOOP_ANALYSIS = YES;
				CLANG_WARN_STRICT_PROTOTYPES = YES;
				CLANG_WARN_SUSPICIOUS_MOVE = YES;
				CLANG_WARN_UNGUARDED_AVAILABILITY = YES_AGGRESSIVE;
				CLANG_WARN_UNREACHABLE_CODE = YES;
				CLANG_WARN__DUPLICATE_METHOD_MATCH = YES;
				COPY_PHASE_STRIP = NO;
				DEBUG_INFORMATION_FORMAT = dwarf;
				ENABLE_STRICT_OBJC_MSGSEND = YES;
				ENABLE_TESTABILITY = YES;
				GCC_C_LANGUAGE_STANDARD = gnu11;
				GCC_DYNAMIC_NO_PIC = NO;
				GCC_NO_COMMON_BLOCKS = YES;
				GCC_OPTIMIZATION_LEVEL = 0;
				GCC_PREPROCESSOR_DEFINITIONS = (
					"$(inherited)",
					"DEBUG=1",
				);
				GCC_WARN_64_TO_32_BIT_CONVERSION = YES;
				GCC_WARN_ABOUT_RETURN_TYPE = YES_ERROR;
				GCC_WARN_UNDECLARED_SELECTOR = YES;
				GCC_WARN_UNINITIALIZED_AUTOS = YES_AGGRESSIVE;
				GCC_WARN_UNUSED_FUNCTION = YES;
				GCC_WARN_UNUSED_VARIABLE = YES;
				MACOSX_DEPLOYMENT_TARGET = 15.0;
				MTL_ENABLE_DEBUG_INFO = INCLUDE_SOURCE;
				MTL_FAST_MATH = YES;
				ONLY_ACTIVE_ARCH = YES;
				PRODUCT_NAME = "$(TARGET_NAME)";
				SDKROOT = macosx;
				SWIFT_ACTIVE_COMPILATION_CONDITIONS = DEBUG;
				SWIFT_OPTIMIZATION_LEVEL = "-Onone";
				SWIFT_VERSION = 5.0;
			};
			name = Debug;
		};
/* End XCBuildConfiguration section */

/* Begin XCConfigurationList section */
		94766F64BCA88EA87F5FCB8C /* Build configuration list for PBXProject "FastTalk" */ = {
			isa = XCConfigurationList;
			buildConfigurations = (
				DD32F25CB734AF6FE7DAAF62 /* Debug */,
				04C65451F3C1A486137061A9 /* LocalRelease */,
				01F8BC321CDDDC07E1484457 /* Release */,
			);
			defaultConfigurationIsVisible = 0;
			defaultConfigurationName = Debug;
		};
		FCBE70F8075C10E3C98C2B11 /* Build configuration list for PBXNativeTarget "FastTalk" */ = {
			isa = XCConfigurationList;
			buildConfigurations = (
				6EBEF43483ED064850BFE82E /* Debug */,
				BB45547BF954E255205082CD /* LocalRelease */,
				2C3026D07E52AC8CB3EBF18F /* Release */,
			);
			defaultConfigurationIsVisible = 0;
			defaultConfigurationName = Debug;
		};
/* End XCConfigurationList section */

/* Begin XCRemoteSwiftPackageReference section */
		4D63791FC2C2F9C8B9A41BB8 /* XCRemoteSwiftPackageReference "cmark-gfm" */ = {
			isa = XCRemoteSwiftPackageReference;
			repositoryURL = "https://github.com/brokenhandsio/cmark-gfm.git";
			requirement = {
				kind = upToNextMajorVersion;
				minimumVersion = 2.1.0;
			};
		};
		6B7A67F0C7204C4B824C8476 /* XCRemoteSwiftPackageReference "Highlightr" */ = {
			isa = XCRemoteSwiftPackageReference;
			repositoryURL = "https://github.com/raspu/Highlightr";
			requirement = {
				kind = upToNextMajorVersion;
				minimumVersion = 2.2.1;
			};
		};
		7EF62DADB77A834A12F8181E /* XCRemoteSwiftPackageReference "swift-acp" */ = {
			isa = XCRemoteSwiftPackageReference;
			repositoryURL = "https://github.com/wiedymi/swift-acp";
			requirement = {
				branch = main;
				kind = branch;
			};
		};
		CE4D5A1480A15B071DBA4295 /* XCRemoteSwiftPackageReference "Sparkle" */ = {
			isa = XCRemoteSwiftPackageReference;
			repositoryURL = "https://github.com/sparkle-project/Sparkle";
			requirement = {
				kind = upToNextMajorVersion;
				minimumVersion = 2.6.0;
			};
		};
/* End XCRemoteSwiftPackageReference section */

/* Begin XCSwiftPackageProductDependency section */
		375D09A7C304642ADEF83B06 /* ACPModel */ = {
			isa = XCSwiftPackageProductDependency;
			package = 7EF62DADB77A834A12F8181E /* XCRemoteSwiftPackageReference "swift-acp" */;
			productName = ACPModel;
		};
		5CD2C5CB89060A741CFF98ED /* cmark */ = {
			isa = XCSwiftPackageProductDependency;
			package = 4D63791FC2C2F9C8B9A41BB8 /* XCRemoteSwiftPackageReference "cmark-gfm" */;
			productName = cmark;
		};
		7246E0CF510D0BF656F782B9 /* ACP */ = {
			isa = XCSwiftPackageProductDependency;
			package = 7EF62DADB77A834A12F8181E /* XCRemoteSwiftPackageReference "swift-acp" */;
			productName = ACP;
		};
		76E0D5419F036C5576A7FD51 /* Sparkle */ = {
			isa = XCSwiftPackageProductDependency;
			package = CE4D5A1480A15B071DBA4295 /* XCRemoteSwiftPackageReference "Sparkle" */;
			productName = Sparkle;
		};
		9BDD49A13DF08F75D3FF9040 /* Highlightr */ = {
			isa = XCSwiftPackageProductDependency;
			package = 6B7A67F0C7204C4B824C8476 /* XCRemoteSwiftPackageReference "Highlightr" */;
			productName = Highlightr;
		};
		F6EFE36C8544DD39E6E0E45A /* ACPRegistry */ = {
			isa = XCSwiftPackageProductDependency;
			package = 7EF62DADB77A834A12F8181E /* XCRemoteSwiftPackageReference "swift-acp" */;
			productName = ACPRegistry;
		};
/* End XCSwiftPackageProductDependency section */
	};
	rootObject = 87B601FE50FDC7CAAE650B69 /* Project object */;
}
